
Microsoft Visual Studio Solution File, Format Version 12.00
# Visual Studio Version 16
VisualStudioVersion = 16.0.31729.503
MinimumVisualStudioVersion = 10.0.40219.1
Project("{9A19103F-16F7-4668-BE54-9A1E7A4F7556}") = "P01_StudentSystem", "P01_StudentSystem\P01_StudentSystem.csproj", "{D44772E1-6D46-4FAB-AD69-089C2FAFA6F8}"
EndProject
Project("{FAE04EC0-301F-11D3-BF4B-00C04F79EFBC}") = "P03_FootballBetting", "P03_FootballBetting\P03_FootballBetting.csproj", "{29CCEC35-C6EA-48E0-A671-86454AEE9D50}"
EndProject
Global
	GlobalSection(SolutionConfigurationPlatforms) = preSolution
		Debug|Any CPU = Debug|Any CPU
		Release|Any CPU = Release|Any CPU
	EndGlobalSection
	GlobalSection(ProjectConfigurationPlatforms) = postSolution
		{D44772E1-6D46-4FAB-AD69-089C2FAFA6F8}.Debug|Any CPU.ActiveCfg = Debug|Any CPU
		{D44772E1-6D46-4FAB-AD69-089C2FAFA6F8}.Debug|Any CPU.Build.0 = Debug|Any CPU
		{D44772E1-6D46-4FAB-AD69-089C2FAFA6F8}.Release|Any CPU.ActiveCfg = Release|Any CPU
		{D44772E1-6D46-4FAB-AD69-089C2FAFA6F8}.Release|Any CPU.Build.0 = Release|Any CPU
		{29CCEC35-C6EA-48E0-A671-86454AEE9D50}.Debug|Any CPU.ActiveCfg = Debug|Any CPU
		{29CCEC35-C6EA-48E0-A671-86454AEE9D50}.Debug|Any CPU.Build.0 = Debug|Any CPU
		{29CCEC35-C6EA-48E0-A671-86454AEE9D50}.Release|Any CPU.ActiveCfg = Release|Any CPU
		{29CCEC35-C6EA-48E0-A671-86454AEE9D50}.Release|Any CPU.Build.0 = Release|Any CPU
	EndGlobalSection
	GlobalSection(SolutionProperties) = preSolution
		HideSolutionNode = FALSE
	EndGlobalSection
	GlobalSection(ExtensibilityGlobals) = postSolution
		SolutionGuid = {706879EC-BCCE-46C1-91D7-DC26CE49C2D3}
	EndGlobalSection
EndGlobal
